// !$*UTF8*$!
{
	archiveVersion = 1;
	classes = {
	};
	objectVersion = 77;
	objects = {

/* Begin PBXBuildFile section */
		A703C66A2D561AC50088DF6F /* WidgetKit.framework in Frameworks */ = {isa = PBXBuildFile; fileRef = A703C6692D561AC50088DF6F /* WidgetKit.framework */; };
		A703C66C2D561AC50088DF6F /* SwiftUI.framework in Frameworks */ = {isa = PBXBuildFile; fileRef = A703C66B2D561AC50088DF6F /* SwiftUI.framework */; };
		A703C67B2D561AC70088DF6F /* SmallWidgetExtension.appex in Embed Foundation Extensions */ = {isa = PBXBuildFile; fileRef = A703C6672D561AC50088DF6F /* SmallWidgetExtension.appex */; settings = {ATTRIBUTES = (RemoveHeadersOnCopy, ); }; };
		A777BCAE2D81630E00FA2448 /* Intents.framework in Frameworks */ = {isa = PBXBuildFile; fileRef = A79584FC2D5C6F0400E213E9 /* Intents.framework */; };
		A777BCB52D81630E00FA2448 /* CarControl.appex in Embed Foundation Extensions */ = {isa = PBXBuildFile; fileRef = A777BCAD2D81630E00FA2448 /* CarControl.appex */; settings = {ATTRIBUTES = (RemoveHeadersOnCopy, ); }; };
/* End PBXBuildFile section */

/* Begin PBXContainerItemProxy section */
		A703C6792D561AC70088DF6F /* PBXContainerItemProxy */ = {
			isa = PBXContainerItemProxy;
			containerPortal = A703C64A2D561A500088DF6F /* Project object */;
			proxyType = 1;
			remoteGlobalIDString = A703C6662D561AC50088DF6F;
			remoteInfo = SmallWidgetExtension;
		};
		A777BCB32D81630E00FA2448 /* PBXContainerItemProxy */ = {
			isa = PBXContainerItemProxy;
			containerPortal = A703C64A2D561A500088DF6F /* Project object */;
			proxyType = 1;
			remoteGlobalIDString = A777BCAC2D81630E00FA2448;
			remoteInfo = CarControl;
		};
/* End PBXContainerItemProxy section */

/* Begin PBXCopyFilesBuildPhase section */
		A703C6802D561AC70088DF6F /* Embed Foundation Extensions */ = {
			isa = PBXCopyFilesBuildPhase;
			buildActionMask = 2147483647;
			dstPath = "";
			dstSubfolderSpec = 13;
			files = (
				A703C67B2D561AC70088DF6F /* SmallWidgetExtension.appex in Embed Foundation Extensions */,
				A777BCB52D81630E00FA2448 /* CarControl.appex in Embed Foundation Extensions */,
			);
			name = "Embed Foundation Extensions";
			runOnlyForDeploymentPostprocessing = 0;
		};
/* End PBXCopyFilesBuildPhase section */

/* Begin PBXFileReference section */
		A703C6522D561A500088DF6F /* WidgetDemo.app */ = {isa = PBXFileReference; explicitFileType = wrapper.application; includeInIndex = 0; path = WidgetDemo.app; sourceTree = BUILT_PRODUCTS_DIR; };
		A703C6672D561AC50088DF6F /* SmallWidgetExtension.appex */ = {isa = PBXFileReference; explicitFileType = "wrapper.app-extension"; includeInIndex = 0; path = SmallWidgetExtension.appex; sourceTree = BUILT_PRODUCTS_DIR; };
		A703C6692D561AC50088DF6F /* WidgetKit.framework */ = {isa = PBXFileReference; lastKnownFileType = wrapper.framework; name = WidgetKit.framework; path = System/Library/Frameworks/WidgetKit.framework; sourceTree = SDKROOT; };
		A703C66B2D561AC50088DF6F /* SwiftUI.framework */ = {isa = PBXFileReference; lastKnownFileType = wrapper.framework; name = SwiftUI.framework; path = System/Library/Frameworks/SwiftUI.framework; sourceTree = SDKROOT; };
		A777BCAD2D81630E00FA2448 /* CarControl.appex */ = {isa = PBXFileReference; explicitFileType = "wrapper.app-extension"; includeInIndex = 0; path = CarControl.appex; sourceTree = BUILT_PRODUCTS_DIR; };
		A79584FC2D5C6F0400E213E9 /* Intents.framework */ = {isa = PBXFileReference; lastKnownFileType = wrapper.framework; name = Intents.framework; path = System/Library/Frameworks/Intents.framework; sourceTree = SDKROOT; };
/* End PBXFileReference section */

/* Begin PBXFileSystemSynchronizedBuildFileExceptionSet section */
		A703C67C2D561AC70088DF6F /* Exceptions for "SmallWidget" folder in "SmallWidgetExtension" target */ = {
			isa = PBXFileSystemSynchronizedBuildFileExceptionSet;
			membershipExceptions = (
				Info.plist,
			);
			target = A703C6662D561AC50088DF6F /* SmallWidgetExtension */;
		};
		A703C6852D561FAC0088DF6F /* Exceptions for "WidgetDemo" folder in "SmallWidgetExtension" target */ = {
			isa = PBXFileSystemSynchronizedBuildFileExceptionSet;
			membershipExceptions = (
				"Utils/Date++.swift",
			);
			target = A703C6662D561AC50088DF6F /* SmallWidgetExtension */;
		};
		A703C6BE2D575D620088DF6F /* Exceptions for "SmallWidget" folder in "WidgetDemo" target */ = {
			isa = PBXFileSystemSynchronizedBuildFileExceptionSet;
			membershipExceptions = (
				"Utils/Color++.swift",
				Widgets/CountDown/CountDown.intentdefinition,
			);
			target = A703C6512D561A500088DF6F /* WidgetDemo */;
		};
		A777BCB92D81630E00FA2448 /* Exceptions for "CarControl" folder in "CarControl" target */ = {
			isa = PBXFileSystemSynchronizedBuildFileExceptionSet;
			membershipExceptions = (
				Info.plist,
			);
			target = A777BCAC2D81630E00FA2448 /* CarControl */;
		};
		A777BCC22D8168FA00FA2448 /* Exceptions for "SmallWidget" folder in "CarControl" target */ = {
			isa = PBXFileSystemSynchronizedBuildFileExceptionSet;
			membershipExceptions = (
				Widgets/CountDown/CountDown.intentdefinition,
			);
			target = A777BCAC2D81630E00FA2448 /* CarControl */;
		};
		A777BCC42D81706A00FA2448 /* Exceptions for "CarControl" folder in "SmallWidgetExtension" target */ = {
			isa = PBXFileSystemSynchronizedBuildFileExceptionSet;
			membershipExceptions = (
				IntentHandler.swift,
			);
			target = A703C6662D561AC50088DF6F /* SmallWidgetExtension */;
		};
/* End PBXFileSystemSynchronizedBuildFileExceptionSet section */

/* Begin PBXFileSystemSynchronizedRootGroup section */
		A703C6542D561A500088DF6F /* WidgetDemo */ = {
			isa = PBXFileSystemSynchronizedRootGroup;
			exceptions = (
				A703C6852D561FAC0088DF6F /* Exceptions for "WidgetDemo" folder in "SmallWidgetExtension" target */,
			);
			path = WidgetDemo;
			sourceTree = "<group>";
		};
		A703C66D2D561AC50088DF6F /* SmallWidget */ = {
			isa = PBXFileSystemSynchronizedRootGroup;
			exceptions = (
				A703C6BE2D575D620088DF6F /* Exceptions for "SmallWidget" folder in "WidgetDemo" target */,
				A703C67C2D561AC70088DF6F /* Exceptions for "SmallWidget" folder in "SmallWidgetExtension" target */,
				A777BCC22D8168FA00FA2448 /* Exceptions for "SmallWidget" folder in "CarControl" target */,
			);
			path = SmallWidget;
			sourceTree = "<group>";
		};
		A777BCAF2D81630E00FA2448 /* CarControl */ = {
			isa = PBXFileSystemSynchronizedRootGroup;
			exceptions = (
				A777BCC42D81706A00FA2448 /* Exceptions for "CarControl" folder in "SmallWidgetExtension" target */,
				A777BCB92D81630E00FA2448 /* Exceptions for "CarControl" folder in "CarControl" target */,
			);
			path = CarControl;
			sourceTree = "<group>";
		};
/* End PBXFileSystemSynchronizedRootGroup section */

/* Begin PBXFrameworksBuildPhase section */
		A703C64F2D561A500088DF6F /* Frameworks */ = {
			isa = PBXFrameworksBuildPhase;
			buildActionMask = 2147483647;
			files = (
			);
			runOnlyForDeploymentPostprocessing = 0;
		};
		A703C6642D561AC50088DF6F /* Frameworks */ = {
			isa = PBXFrameworksBuildPhase;
			buildActionMask = 2147483647;
			files = (
				A703C66C2D561AC50088DF6F /* SwiftUI.framework in Frameworks */,
				A703C66A2D561AC50088DF6F /* WidgetKit.framework in Frameworks */,
			);
			runOnlyForDeploymentPostprocessing = 0;
		};
		A777BCAA2D81630E00FA2448 /* Frameworks */ = {
			isa = PBXFrameworksBuildPhase;
			buildActionMask = 2147483647;
			files = (
				A777BCAE2D81630E00FA2448 /* Intents.framework in Frameworks */,
			);
			runOnlyForDeploymentPostprocessing = 0;
		};
/* End PBXFrameworksBuildPhase section */

/* Begin PBXGroup section */
		A703C6492D561A500088DF6F = {
			isa = PBXGroup;
			children = (
				A703C6542D561A500088DF6F /* WidgetDemo */,
				A703C66D2D561AC50088DF6F /* SmallWidget */,
				A777BCAF2D81630E00FA2448 /* CarControl */,
				A703C6682D561AC50088DF6F /* Frameworks */,
				A703C6532D561A500088DF6F /* Products */,
			);
			sourceTree = "<group>";
		};
		A703C6532D561A500088DF6F /* Products */ = {
			isa = PBXGroup;
			children = (
				A703C6522D561A500088DF6F /* WidgetDemo.app */,
				A703C6672D561AC50088DF6F /* SmallWidgetExtension.appex */,
				A777BCAD2D81630E00FA2448 /* CarControl.appex */,
			);
			name = Products;
			sourceTree = "<group>";
		};
		A703C6682D561AC50088DF6F /* Frameworks */ = {
			isa = PBXGroup;
			children = (
				A703C6692D561AC50088DF6F /* WidgetKit.framework */,
				A703C66B2D561AC50088DF6F /* SwiftUI.framework */,
				A79584FC2D5C6F0400E213E9 /* Intents.framework */,
			);
			name = Frameworks;
			sourceTree = "<group>";
		};
/* End PBXGroup section */

/* Begin PBXNativeTarget section */
		A703C6512D561A500088DF6F /* WidgetDemo */ = {
			isa = PBXNativeTarget;
			buildConfigurationList = A703C6602D561A510088DF6F /* Build configuration list for PBXNativeTarget "WidgetDemo" */;
			buildPhases = (
				A703C64E2D561A500088DF6F /* Sources */,
				A703C64F2D561A500088DF6F /* Frameworks */,
				A703C6502D561A500088DF6F /* Resources */,
				A703C6802D561AC70088DF6F /* Embed Foundation Extensions */,
			);
			buildRules = (
			);
			dependencies = (
				A703C67A2D561AC70088DF6F /* PBXTargetDependency */,
				A777BCB42D81630E00FA2448 /* PBXTargetDependency */,
			);
			fileSystemSynchronizedGroups = (
				A703C6542D561A500088DF6F /* WidgetDemo */,
			);
			name = WidgetDemo;
			packageProductDependencies = (
			);
			productName = WidgetDemo;
			productReference = A703C6522D561A500088DF6F /* WidgetDemo.app */;
			productType = "com.apple.product-type.application";
		};
		A703C6662D561AC50088DF6F /* SmallWidgetExtension */ = {
			isa = PBXNativeTarget;
			buildConfigurationList = A703C67D2D561AC70088DF6F /* Build configuration list for PBXNativeTarget "SmallWidgetExtension" */;
			buildPhases = (
				A703C6632D561AC50088DF6F /* Sources */,
				A703C6642D561AC50088DF6F /* Frameworks */,
				A703C6652D561AC50088DF6F /* Resources */,
			);
			buildRules = (
			);
			dependencies = (
			);
			fileSystemSynchronizedGroups = (
				A703C66D2D561AC50088DF6F /* SmallWidget */,
			);
			name = SmallWidgetExtension;
			packageProductDependencies = (
			);
			productName = SmallWidgetExtension;
			productReference = A703C6672D561AC50088DF6F /* SmallWidgetExtension.appex */;
			productType = "com.apple.product-type.app-extension";
		};
		A777BCAC2D81630E00FA2448 /* CarControl */ = {
			isa = PBXNativeTarget;
			buildConfigurationList = A777BCB62D81630E00FA2448 /* Build configuration list for PBXNativeTarget "CarControl" */;
			buildPhases = (
				A777BCA92D81630E00FA2448 /* Sources */,
				A777BCAA2D81630E00FA2448 /* Frameworks */,
				A777BCAB2D81630E00FA2448 /* Resources */,
			);
			buildRules = (
			);
			dependencies = (
			);
			fileSystemSynchronizedGroups = (
				A777BCAF2D81630E00FA2448 /* CarControl */,
			);
			name = CarControl;
			packageProductDependencies = (
			);
			productName = CarControl;
			productReference = A777BCAD2D81630E00FA2448 /* CarControl.appex */;
			productType = "com.apple.product-type.app-extension";
		};
/* End PBXNativeTarget section */

/* Begin PBXProject section */
		A703C64A2D561A500088DF6F /* Project object */ = {
			isa = PBXProject;
			attributes = {
				BuildIndependentTargetsInParallel = 1;
				LastSwiftUpdateCheck = 1620;
				LastUpgradeCheck = 1620;
				TargetAttributes = {
					A703C6512D561A500088DF6F = {
						CreatedOnToolsVersion = 16.2;
					};
					A703C6662D561AC50088DF6F = {
						CreatedOnToolsVersion = 16.2;
					};
					A777BCAC2D81630E00FA2448 = {
						CreatedOnToolsVersion = 16.2;
					};
				};
			};
			buildConfigurationList = A703C64D2D561A500088DF6F /* Build configuration list for PBXProject "WidgetDemo" */;
			developmentRegion = en;
			hasScannedForEncodings = 0;
			knownRegions = (
				en,
				Base,
			);
			mainGroup = A703C6492D561A500088DF6F;
			minimizedProjectReferenceProxies = 1;
			preferredProjectObjectVersion = 77;
			productRefGroup = A703C6532D561A500088DF6F /* Products */;
			projectDirPath = "";
			projectRoot = "";
			targets = (
				A703C6512D561A500088DF6F /* WidgetDemo */,
				A703C6662D561AC50088DF6F /* SmallWidgetExtension */,
				A777BCAC2D81630E00FA2448 /* CarControl */,
			);
		};
/* End PBXProject section */

/* Begin PBXResourcesBuildPhase section */
		A703C6502D561A500088DF6F /* Resources */ = {
			isa = PBXResourcesBuildPhase;
			buildActionMask = 2147483647;
			files = (
			);
			runOnlyForDeploymentPostprocessing = 0;
		};
		A703C6652D561AC50088DF6F /* Resources */ = {
			isa = PBXResourcesBuildPhase;
			buildActionMask = 2147483647;
			files = (
			);
			runOnlyForDeploymentPostprocessing = 0;
		};
		A777BCAB2D81630E00FA2448 /* Resources */ = {
			isa = PBXResourcesBuildPhase;
			buildActionMask = 2147483647;
			files = (
			);
			runOnlyForDeploymentPostprocessing = 0;
		};
/* End PBXResourcesBuildPhase section */

/* Begin PBXSourcesBuildPhase section */
		A703C64E2D561A500088DF6F /* Sources */ = {
			isa = PBXSourcesBuildPhase;
			buildActionMask = 2147483647;
			files = (
			);
			runOnlyForDeploymentPostprocessing = 0;
		};
		A703C6632D561AC50088DF6F /* Sources */ = {
			isa = PBXSourcesBuildPhase;
			buildActionMask = 2147483647;
			files = (
			);
			runOnlyForDeploymentPostprocessing = 0;
		};
		A777BCA92D81630E00FA2448 /* Sources */ = {
			isa = PBXSourcesBuildPhase;
			buildActionMask = 2147483647;
			files = (
			);
			runOnlyForDeploymentPostprocessing = 0;
		};
/* End PBXSourcesBuildPhase section */

/* Begin PBXTargetDependency section */
		A703C67A2D561AC70088DF6F /* PBXTargetDependency */ = {
			isa = PBXTargetDependency;
			target = A703C6662D561AC50088DF6F /* SmallWidgetExtension */;
			targetProxy = A703C6792D561AC70088DF6F /* PBXContainerItemProxy */;
		};
		A777BCB42D81630E00FA2448 /* PBXTargetDependency */ = {
			isa = PBXTargetDependency;
			target = A777BCAC2D81630E00FA2448 /* CarControl */;
			targetProxy = A777BCB32D81630E00FA2448 /* PBXContainerItemProxy */;
		};
/* End PBXTargetDependency section */

/* Begin XCBuildConfiguration section */
		A703C65E2D561A510088DF6F /* Debug */ = {
			isa = XCBuildConfiguration;
			buildSettings = {
				ALWAYS_SEARCH_USER_PATHS = NO;
				ASSETCATALOG_COMPILER_GENERATE_SWIFT_ASSET_SYMBOL_EXTENSIONS = YES;
				CLANG_ANALYZER_NONNULL = YES;
				CLANG_ANALYZER_NUMBER_OBJECT_CONVERSION = YES_AGGRESSIVE;
				CLANG_CXX_LANGUAGE_STANDARD = "gnu++20";
				CLANG_ENABLE_MODULES = YES;
				CLANG_ENABLE_OBJC_ARC = YES;
				CLANG_ENABLE_OBJC_WEAK = YES;
				CLANG_WARN_BLOCK_CAPTURE_AUTORELEASING = YES;
				CLANG_WARN_BOOL_CONVERSION = YES;
				CLANG_WARN_COMMA = YES;
				CLANG_WARN_CONSTANT_CONVERSION = YES;
				CLANG_WARN_DEPRECATED_OBJC_IMPLEMENTATIONS = YES;
				CLANG_WARN_DIRECT_OBJC_ISA_USAGE = YES_ERROR;
				CLANG_WARN_DOCUMENTATION_COMMENTS = YES;
				CLANG_WARN_EMPTY_BODY = YES;
				CLANG_WARN_ENUM_CONVERSION = YES;
				CLANG_WARN_INFINITE_RECURSION = YES;
				CLANG_WARN_INT_CONVERSION = YES;
				CLANG_WARN_NON_LITERAL_NULL_CONVERSION = YES;
				CLANG_WARN_OBJC_IMPLICIT_RETAIN_SELF = YES;
				CLANG_WARN_OBJC_LITERAL_CONVERSION = YES;
				CLANG_WARN_OBJC_ROOT_CLASS = YES_ERROR;
				CLANG_WARN_QUOTED_INCLUDE_IN_FRAMEWORK_HEADER = YES;
				CLANG_WARN_RANGE_LOOP_ANALYSIS = YES;
				CLANG_WARN_STRICT_PROTOTYPES = YES;
				CLANG_WARN_SUSPICIOUS_MOVE = YES;
				CLANG_WARN_UNGUARDED_AVAILABILITY = YES_AGGRESSIVE;
				CLANG_WARN_UNREACHABLE_CODE = YES;
				CLANG_WARN__DUPLICATE_METHOD_MATCH = YES;
				COPY_PHASE_STRIP = NO;
				DEBUG_INFORMATION_FORMAT = dwarf;
				ENABLE_STRICT_OBJC_MSGSEND = YES;
				ENABLE_TESTABILITY = YES;
				ENABLE_USER_SCRIPT_SANDBOXING = YES;
				GCC_C_LANGUAGE_STANDARD = gnu17;
				GCC_DYNAMIC_NO_PIC = NO;
				GCC_NO_COMMON_BLOCKS = YES;
				GCC_OPTIMIZATION_LEVEL = 0;
				GCC_PREPROCESSOR_DEFINITIONS = (
					"DEBUG=1",
					"$(inherited)",
				);
				GCC_WARN_64_TO_32_BIT_CONVERSION = YES;
				GCC_WARN_ABOUT_RETURN_TYPE = YES_ERROR;
				GCC_WARN_UNDECLARED_SELECTOR = YES;
				GCC_WARN_UNINITIALIZED_AUTOS = YES_AGGRESSIVE;
				GCC_WARN_UNUSED_FUNCTION = YES;
				GCC_WARN_UNUSED_VARIABLE = YES;
				IPHONEOS_DEPLOYMENT_TARGET = 18.2;
				LOCALIZATION_PREFERS_STRING_CATALOGS = YES;
				MTL_ENABLE_DEBUG_INFO = INCLUDE_SOURCE;
				MTL_FAST_MATH = YES;
				ONLY_ACTIVE_ARCH = YES;
				SDKROOT = iphoneos;
				SWIFT_ACTIVE_COMPILATION_CONDITIONS = "DEBUG $(inherited)";
				SWIFT_OPTIMIZATION_LEVEL = "-Onone";
			};
			name = Debug;
		};
		A703C65F2D561A510088DF6F /* Release */ = {
			isa = XCBuildConfiguration;
			buildSettings = {
				ALWAYS_SEARCH_USER_PATHS = NO;
				ASSETCATALOG_COMPILER_GENERATE_SWIFT_ASSET_SYMBOL_EXTENSIONS = YES;
				CLANG_ANALYZER_NONNULL = YES;
				CLANG_ANALYZER_NUMBER_OBJECT_CONVERSION = YES_AGGRESSIVE;
				CLANG_CXX_LANGUAGE_STANDARD = "gnu++20";
				CLANG_ENABLE_MODULES = YES;
				CLANG_ENABLE_OBJC_ARC = YES;
				CLANG_ENABLE_OBJC_WEAK = YES;
				CLANG_WARN_BLOCK_CAPTURE_AUTORELEASING = YES;
				CLANG_WARN_BOOL_CONVERSION = YES;
				CLANG_WARN_COMMA = YES;
				CLANG_WARN_CONSTANT_CONVERSION = YES;
				CLANG_WARN_DEPRECATED_OBJC_IMPLEMENTATIONS = YES;
				CLANG_WARN_DIRECT_OBJC_ISA_USAGE = YES_ERROR;
				CLANG_WARN_DOCUMENTATION_COMMENTS = YES;
				CLANG_WARN_EMPTY_BODY = YES;
				CLANG_WARN_ENUM_CONVERSION = YES;
				CLANG_WARN_INFINITE_RECURSION = YES;
				CLANG_WARN_INT_CONVERSION = YES;
				CLANG_WARN_NON_LITERAL_NULL_CONVERSION = YES;
				CLANG_WARN_OBJC_IMPLICIT_RETAIN_SELF = YES;
				CLANG_WARN_OBJC_LITERAL_CONVERSION = YES;
				CLANG_WARN_OBJC_ROOT_CLASS = YES_ERROR;
				CLANG_WARN_QUOTED_INCLUDE_IN_FRAMEWORK_HEADER = YES;
				CLANG_WARN_RANGE_LOOP_ANALYSIS = YES;
				CLANG_WARN_STRICT_PROTOTYPES = YES;
				CLANG_WARN_SUSPICIOUS_MOVE = YES;
				CLANG_WARN_UNGUARDED_AVAILABILITY = YES_AGGRESSIVE;
				CLANG_WARN_UNREACHABLE_CODE = YES;
				CLANG_WARN__DUPLICATE_METHOD_MATCH = YES;
				COPY_PHASE_STRIP = NO;
				DEBUG_INFORMATION_FORMAT = "dwarf-with-dsym";
				ENABLE_NS_ASSERTIONS = NO;
				ENABLE_STRICT_OBJC_MSGSEND = YES;
				ENABLE_USER_SCRIPT_SANDBOXING = YES;
				GCC_C_LANGUAGE_STANDARD = gnu17;
				GCC_NO_COMMON_BLOCKS = YES;
				GCC_WARN_64_TO_32_BIT_CONVERSION = YES;
				GCC_WARN_ABOUT_RETURN_TYPE = YES_ERROR;
				GCC_WARN_UNDECLARED_SELECTOR = YES;
				GCC_WARN_UNINITIALIZED_AUTOS = YES_AGGRESSIVE;
				GCC_WARN_UNUSED_FUNCTION = YES;
				GCC_WARN_UNUSED_VARIABLE = YES;
				IPHONEOS_DEPLOYMENT_TARGET = 18.2;
				LOCALIZATION_PREFERS_STRING_CATALOGS = YES;
				MTL_ENABLE_DEBUG_INFO = NO;
				MTL_FAST_MATH = YES;
				SDKROOT = iphoneos;
				SWIFT_COMPILATION_MODE = wholemodule;
				VALIDATE_PRODUCT = YES;
			};
			name = Release;
		};
		A703C6612D561A510088DF6F /* Debug */ = {
			isa = XCBuildConfiguration;
			buildSettings = {
				ASSETCATALOG_COMPILER_APPICON_NAME = AppIcon;
				ASSETCATALOG_COMPILER_GLOBAL_ACCENT_COLOR_NAME = AccentColor;
				CODE_SIGN_STYLE = Automatic;
				CURRENT_PROJECT_VERSION = 1;
				DEVELOPMENT_ASSET_PATHS = "\"WidgetDemo/Preview Content\"";
				DEVELOPMENT_TEAM = X7S38PP265;
				ENABLE_PREVIEWS = YES;
				GENERATE_INFOPLIST_FILE = YES;
				INFOPLIST_KEY_UIApplicationSceneManifest_Generation = YES;
				INFOPLIST_KEY_UIApplicationSupportsIndirectInputEvents = YES;
				INFOPLIST_KEY_UILaunchScreen_Generation = YES;
				INFOPLIST_KEY_UISupportedInterfaceOrientations_iPad = "UIInterfaceOrientationPortrait UIInterfaceOrientationPortraitUpsideDown UIInterfaceOrientationLandscapeLeft UIInterfaceOrientationLandscapeRight";
				INFOPLIST_KEY_UISupportedInterfaceOrientations_iPhone = "UIInterfaceOrientationPortrait UIInterfaceOrientationLandscapeLeft UIInterfaceOrientationLandscapeRight";
				IPHONEOS_DEPLOYMENT_TARGET = 17.0;
				LD_RUNPATH_SEARCH_PATHS = (
					"$(inherited)",
					"@executable_path/Frameworks",
				);
				MARKETING_VERSION = 1.0;
				PRODUCT_BUNDLE_IDENTIFIER = com.yuxiaor.WidgetDemo;
				PRODUCT_NAME = "$(TARGET_NAME)";
				SWIFT_EMIT_LOC_STRINGS = YES;
				SWIFT_VERSION = 5.0;
				TARGETED_DEVICE_FAMILY = "1,2";
			};
			name = Debug;
		};
		A703C6622D561A510088DF6F /* Release */ = {
			isa = XCBuildConfiguration;
			buildSettings = {
				ASSETCATALOG_COMPILER_APPICON_NAME = AppIcon;
				ASSETCATALOG_COMPILER_GLOBAL_ACCENT_COLOR_NAME = AccentColor;
				CODE_SIGN_STYLE = Automatic;
				CURRENT_PROJECT_VERSION = 1;
				DEVELOPMENT_ASSET_PATHS = "\"WidgetDemo/Preview Content\"";
				DEVELOPMENT_TEAM = X7S38PP265;
				ENABLE_PREVIEWS = YES;
				GENERATE_INFOPLIST_FILE = YES;
				INFOPLIST_KEY_UIApplicationSceneManifest_Generation = YES;
				INFOPLIST_KEY_UIApplicationSupportsIndirectInputEvents = YES;
				INFOPLIST_KEY_UILaunchScreen_Generation = YES;
				INFOPLIST_KEY_UISupportedInterfaceOrientations_iPad = "UIInterfaceOrientationPortrait UIInterfaceOrientationPortraitUpsideDown UIInterfaceOrientationLandscapeLeft UIInterfaceOrientationLandscapeRight";
				INFOPLIST_KEY_UISupportedInterfaceOrientations_iPhone = "UIInterfaceOrientationPortrait UIInterfaceOrientationLandscapeLeft UIInterfaceOrientationLandscapeRight";
				IPHONEOS_DEPLOYMENT_TARGET = 17.0;
				LD_RUNPATH_SEARCH_PATHS = (
					"$(inherited)",
					"@executable_path/Frameworks",
				);
				MARKETING_VERSION = 1.0;
				PRODUCT_BUNDLE_IDENTIFIER = com.yuxiaor.WidgetDemo;
				PRODUCT_NAME = "$(TARGET_NAME)";
				SWIFT_EMIT_LOC_STRINGS = YES;
				SWIFT_VERSION = 5.0;
				TARGETED_DEVICE_FAMILY = "1,2";
			};
			name = Release;
		};
		A703C67E2D561AC70088DF6F /* Debug */ = {
			isa = XCBuildConfiguration;
			buildSettings = {
				ASSETCATALOG_COMPILER_GLOBAL_ACCENT_COLOR_NAME = AccentColor;
				ASSETCATALOG_COMPILER_WIDGET_BACKGROUND_COLOR_NAME = WidgetBackground;
				CODE_SIGN_STYLE = Automatic;
				CURRENT_PROJECT_VERSION = 1;
				DEVELOPMENT_TEAM = X7S38PP265;
				GENERATE_INFOPLIST_FILE = YES;
				INFOPLIST_FILE = SmallWidget/Info.plist;
				INFOPLIST_KEY_CFBundleDisplayName = SmallWidget;
				INFOPLIST_KEY_NSHumanReadableCopyright = "";
				IPHONEOS_DEPLOYMENT_TARGET = 17.0;
				LD_RUNPATH_SEARCH_PATHS = (
					"$(inherited)",
					"@executable_path/Frameworks",
					"@executable_path/../../Frameworks",
				);
				MARKETING_VERSION = 1.0;
				PRODUCT_BUNDLE_IDENTIFIER = com.yuxiaor.WidgetDemo.SmallWidget;
				PRODUCT_NAME = "$(TARGET_NAME)";
				SKIP_INSTALL = YES;
				SWIFT_EMIT_LOC_STRINGS = YES;
				SWIFT_VERSION = 5.0;
				TARGETED_DEVICE_FAMILY = "1,2";
			};
			name = Debug;
		};
		A703C67F2D561AC70088DF6F /* Release */ = {
			isa = XCBuildConfiguration;
			buildSettings = {
				ASSETCATALOG_COMPILER_GLOBAL_ACCENT_COLOR_NAME = AccentColor;
				ASSETCATALOG_COMPILER_WIDGET_BACKGROUND_COLOR_NAME = WidgetBackground;
				CODE_SIGN_STYLE = Automatic;
				CURRENT_PROJECT_VERSION = 1;
				DEVELOPMENT_TEAM = X7S38PP265;
				GENERATE_INFOPLIST_FILE = YES;
				INFOPLIST_FILE = SmallWidget/Info.plist;
				INFOPLIST_KEY_CFBundleDisplayName = SmallWidget;
				INFOPLIST_KEY_NSHumanReadableCopyright = "";
				IPHONEOS_DEPLOYMENT_TARGET = 17.0;
				LD_RUNPATH_SEARCH_PATHS = (
					"$(inherited)",
					"@executable_path/Frameworks",
					"@executable_path/../../Frameworks",
				);
				MARKETING_VERSION = 1.0;
				PRODUCT_BUNDLE_IDENTIFIER = com.yuxiaor.WidgetDemo.SmallWidget;
				PRODUCT_NAME = "$(TARGET_NAME)";
				SKIP_INSTALL = YES;
				SWIFT_EMIT_LOC_STRINGS = YES;
				SWIFT_VERSION = 5.0;
				TARGETED_DEVICE_FAMILY = "1,2";
			};
			name = Release;
		};
		A777BCB72D81630E00FA2448 /* Debug */ = {
			isa = XCBuildConfiguration;
			buildSettings = {
				CODE_SIGN_STYLE = Automatic;
				CURRENT_PROJECT_VERSION = 1;
				DEVELOPMENT_TEAM = X7S38PP265;
				GENERATE_INFOPLIST_FILE = YES;
				INFOPLIST_FILE = CarControl/Info.plist;
				INFOPLIST_KEY_CFBundleDisplayName = CarControl;
				INFOPLIST_KEY_NSHumanReadableCopyright = "";
				LD_RUNPATH_SEARCH_PATHS = (
					"$(inherited)",
					"@executable_path/Frameworks",
					"@executable_path/../../Frameworks",
				);
				MARKETING_VERSION = 1.0;
				PRODUCT_BUNDLE_IDENTIFIER = com.yuxiaor.WidgetDemo.CarControl;
				PRODUCT_NAME = "$(TARGET_NAME)";
				SKIP_INSTALL = YES;
				SWIFT_EMIT_LOC_STRINGS = YES;
				SWIFT_VERSION = 5.0;
				TARGETED_DEVICE_FAMILY = "1,2";
			};
			name = Debug;
		};
		A777BCB82D81630E00FA2448 /* Release */ = {
			isa = XCBuildConfiguration;
			buildSettings = {
				CODE_SIGN_STYLE = Automatic;
				CURRENT_PROJECT_VERSION = 1;
				DEVELOPMENT_TEAM = X7S38PP265;
				GENERATE_INFOPLIST_FILE = YES;
				INFOPLIST_FILE = CarControl/Info.plist;
				INFOPLIST_KEY_CFBundleDisplayName = CarControl;
				INFOPLIST_KEY_NSHumanReadableCopyright = "";
				LD_RUNPATH_SEARCH_PATHS = (
					"$(inherited)",
					"@executable_path/Frameworks",
					"@executable_path/../../Frameworks",
				);
				MARKETING_VERSION = 1.0;
				PRODUCT_BUNDLE_IDENTIFIER = com.yuxiaor.WidgetDemo.CarControl;
				PRODUCT_NAME = "$(TARGET_NAME)";
				SKIP_INSTALL = YES;
				SWIFT_EMIT_LOC_STRINGS = YES;
				SWIFT_VERSION = 5.0;
				TARGETED_DEVICE_FAMILY = "1,2";
			};
			name = Release;
		};
/* End XCBuildConfiguration section */

/* Begin XCConfigurationList section */
		A703C64D2D561A500088DF6F /* Build configuration list for PBXProject "WidgetDemo" */ = {
			isa = XCConfigurationList;
			buildConfigurations = (
				A703C65E2D561A510088DF6F /* Debug */,
				A703C65F2D561A510088DF6F /* Release */,
			);
			defaultConfigurationIsVisible = 0;
			defaultConfigurationName = Release;
		};
		A703C6602D561A510088DF6F /* Build configuration list for PBXNativeTarget "WidgetDemo" */ = {
			isa = XCConfigurationList;
			buildConfigurations = (
				A703C6612D561A510088DF6F /* Debug */,
				A703C6622D561A510088DF6F /* Release */,
			);
			defaultConfigurationIsVisible = 0;
			defaultConfigurationName = Release;
		};
		A703C67D2D561AC70088DF6F /* Build configuration list for PBXNativeTarget "SmallWidgetExtension" */ = {
			isa = XCConfigurationList;
			buildConfigurations = (
				A703C67E2D561AC70088DF6F /* Debug */,
				A703C67F2D561AC70088DF6F /* Release */,
			);
			defaultConfigurationIsVisible = 0;
			defaultConfigurationName = Release;
		};
		A777BCB62D81630E00FA2448 /* Build configuration list for PBXNativeTarget "CarControl" */ = {
			isa = XCConfigurationList;
			buildConfigurations = (
				A777BCB72D81630E00FA2448 /* Debug */,
				A777BCB82D81630E00FA2448 /* Release */,
			);
			defaultConfigurationIsVisible = 0;
			defaultConfigurationName = Release;
		};
/* End XCConfigurationList section */
	};
	rootObject = A703C64A2D561A500088DF6F /* Project object */;
}
